
Microsoft Visual Studio Solution File, Format Version 12.00
# Visual Studio Version 16
VisualStudioVersion = 16.0.33214.272
MinimumVisualStudioVersion = 10.0.40219.1
Project("{FAE04EC0-301F-11D3-BF4B-00C04F79EFBC}") = "dotnetconsumeapi", "dotnetconsumeapi.csproj", "{E680B843-5C02-43CF-A5E9-F7DBA2F928DC}"
EndProject
Global
	GlobalSection(SolutionConfigurationPlatforms) = preSolution
		Debug|Any CPU = Debug|Any CPU
		Release|Any CPU = Release|Any CPU
	EndGlobalSection
	GlobalSection(ProjectConfigurationPlatforms) = postSolution
		{E680B843-5C02-43CF-A5E9-F7DBA2F928DC}.Debug|Any CPU.ActiveCfg = Debug|Any CPU
		{E680B843-5C02-43CF-A5E9-F7DBA2F928DC}.Debug|Any CPU.Build.0 = Debug|Any CPU
		{E680B843-5C02-43CF-A5E9-F7DBA2F928DC}.Release|Any CPU.ActiveCfg = Release|Any CPU
		{E680B843-5C02-43CF-A5E9-F7DBA2F928DC}.Release|Any CPU.Build.0 = Release|Any CPU
	EndGlobalSection
	GlobalSection(SolutionProperties) = preSolution
		HideSolutionNode = FALSE
	EndGlobalSection
	GlobalSection(ExtensibilityGlobals) = postSolution
		SolutionGuid = {D78DFCE7-83B3-43AD-A86A-10A188962A45}
	EndGlobalSection
EndGlobal
